
Microsoft Visual Studio Solution File, Format Version 12.00
# Visual Studio Version 16
VisualStudioVersion = 16.0.30804.86
MinimumVisualStudioVersion = 10.0.40219.1
Project("{FAE04EC0-301F-11D3-BF4B-00C04F79EFBC}") = "Language Translator", "WindowsFormPrograms\Language Translator.csproj", "{66518B5E-624E-46DB-9F53-4EF7FC307C56}"
EndProject
Project("{FAE04EC0-301F-11D3-BF4B-00C04F79EFBC}") = "Card Flip", "Card Flip\Card Flip.csproj", "{65639914-7955-4056-9C1D-AC72CF2037C8}"
EndProject
Project("{FAE04EC0-301F-11D3-BF4B-00C04F79EFBC}") = "Latin Translator", "Latin Translator\Latin Translator.csproj", "{B1148BB9-26E9-4F9C-B86D-E4FAEB017636}"
EndProject
Project("{FAE04EC0-301F-11D3-BF4B-00C04F79EFBC}") = "Clickable Number Images", "Clickable Number Images\Clickable Number Images.csproj", "{234B3D79-4AEC-46C5-8C89-E3884FF80431}"
EndProject
Project("{FAE04EC0-301F-11D3-BF4B-00C04F79EFBC}") = "Orion Constellation", "Orion Constellation\Orion Constellation.csproj", "{9BC7EF95-EC70-4F7C-B84B-49C8EA013A6C}"
EndProject
Project("{FAE04EC0-301F-11D3-BF4B-00C04F79EFBC}") = "Display FullName", "Display FullName\Display FullName.csproj", "{C1985EE7-E48C-4D5E-BE60-BD10AA1B0E1F}"
EndProject
Project("{FAE04EC0-301F-11D3-BF4B-00C04F79EFBC}") = "Birth Date String", "Birth Date String\Birth Date String.csproj", "{F0F96536-9D24-488E-A43B-199DC57D428F}"
EndProject
Project("{FAE04EC0-301F-11D3-BF4B-00C04F79EFBC}") = "Calculatin Fuel Economy", "Calculatin Fuel Economy\Calculatin Fuel Economy.csproj", "{C7A72FD0-BF23-46A2-9291-796403D997B8}"
EndProject
Project("{FAE04EC0-301F-11D3-BF4B-00C04F79EFBC}") = "Currency Formatting", "Currency Formatting\Currency Formatting.csproj", "{9AB46C32-25D6-48F9-9606-971422E1EEA1}"
EndProject
Project("{FAE04EC0-301F-11D3-BF4B-00C04F79EFBC}") = "Test Average Application", "Test Average Application\Test Average Application.csproj", "{05C9071F-ED6E-4A9C-B7F8-21042A2E3DAB}"
EndProject
Global
	GlobalSection(SolutionConfigurationPlatforms) = preSolution
		Debug|Any CPU = Debug|Any CPU
		Release|Any CPU = Release|Any CPU
	EndGlobalSection
	GlobalSection(ProjectConfigurationPlatforms) = postSolution
		{66518B5E-624E-46DB-9F53-4EF7FC307C56}.Debug|Any CPU.ActiveCfg = Debug|Any CPU
		{66518B5E-624E-46DB-9F53-4EF7FC307C56}.Debug|Any CPU.Build.0 = Debug|Any CPU
		{66518B5E-624E-46DB-9F53-4EF7FC307C56}.Release|Any CPU.ActiveCfg = Release|Any CPU
		{66518B5E-624E-46DB-9F53-4EF7FC307C56}.Release|Any CPU.Build.0 = Release|Any CPU
		{65639914-7955-4056-9C1D-AC72CF2037C8}.Debug|Any CPU.ActiveCfg = Debug|Any CPU
		{65639914-7955-4056-9C1D-AC72CF2037C8}.Debug|Any CPU.Build.0 = Debug|Any CPU
		{65639914-7955-4056-9C1D-AC72CF2037C8}.Release|Any CPU.ActiveCfg = Release|Any CPU
		{65639914-7955-4056-9C1D-AC72CF2037C8}.Release|Any CPU.Build.0 = Release|Any CPU
		{B1148BB9-26E9-4F9C-B86D-E4FAEB017636}.Debug|Any CPU.ActiveCfg = Debug|Any CPU
		{B1148BB9-26E9-4F9C-B86D-E4FAEB017636}.Debug|Any CPU.Build.0 = Debug|Any CPU
		{B1148BB9-26E9-4F9C-B86D-E4FAEB017636}.Release|Any CPU.ActiveCfg = Release|Any CPU
		{B1148BB9-26E9-4F9C-B86D-E4FAEB017636}.Release|Any CPU.Build.0 = Release|Any CPU
		{234B3D79-4AEC-46C5-8C89-E3884FF80431}.Debug|Any CPU.ActiveCfg = Debug|Any CPU
		{234B3D79-4AEC-46C5-8C89-E3884FF80431}.Debug|Any CPU.Build.0 = Debug|Any CPU
		{234B3D79-4AEC-46C5-8C89-E3884FF80431}.Release|Any CPU.ActiveCfg = Release|Any CPU
		{234B3D79-4AEC-46C5-8C89-E3884FF80431}.Release|Any CPU.Build.0 = Release|Any CPU
		{9BC7EF95-EC70-4F7C-B84B-49C8EA013A6C}.Debug|Any CPU.ActiveCfg = Debug|Any CPU
		{9BC7EF95-EC70-4F7C-B84B-49C8EA013A6C}.Debug|Any CPU.Build.0 = Debug|Any CPU
		{9BC7EF95-EC70-4F7C-B84B-49C8EA013A6C}.Release|Any CPU.ActiveCfg = Release|Any CPU
		{9BC7EF95-EC70-4F7C-B84B-49C8EA013A6C}.Release|Any CPU.Build.0 = Release|Any CPU
		{C1985EE7-E48C-4D5E-BE60-BD10AA1B0E1F}.Debug|Any CPU.ActiveCfg = Debug|Any CPU
		{C1985EE7-E48C-4D5E-BE60-BD10AA1B0E1F}.Debug|Any CPU.Build.0 = Debug|Any CPU
		{C1985EE7-E48C-4D5E-BE60-BD10AA1B0E1F}.Release|Any CPU.ActiveCfg = Release|Any CPU
		{C1985EE7-E48C-4D5E-BE60-BD10AA1B0E1F}.Release|Any CPU.Build.0 = Release|Any CPU
		{F0F96536-9D24-488E-A43B-199DC57D428F}.Debug|Any CPU.ActiveCfg = Debug|Any CPU
		{F0F96536-9D24-488E-A43B-199DC57D428F}.Debug|Any CPU.Build.0 = Debug|Any CPU
		{F0F96536-9D24-488E-A43B-199DC57D428F}.Release|Any CPU.ActiveCfg = Release|Any CPU
		{F0F96536-9D24-488E-A43B-199DC57D428F}.Release|Any CPU.Build.0 = Release|Any CPU
		{C7A72FD0-BF23-46A2-9291-796403D997B8}.Debug|Any CPU.ActiveCfg = Debug|Any CPU
		{C7A72FD0-BF23-46A2-9291-796403D997B8}.Debug|Any CPU.Build.0 = Debug|Any CPU
		{C7A72FD0-BF23-46A2-9291-796403D997B8}.Release|Any CPU.ActiveCfg = Release|Any CPU
		{C7A72FD0-BF23-46A2-9291-796403D997B8}.Release|Any CPU.Build.0 = Release|Any CPU
		{9AB46C32-25D6-48F9-9606-971422E1EEA1}.Debug|Any CPU.ActiveCfg = Debug|Any CPU
		{9AB46C32-25D6-48F9-9606-971422E1EEA1}.Debug|Any CPU.Build.0 = Debug|Any CPU
		{9AB46C32-25D6-48F9-9606-971422E1EEA1}.Release|Any CPU.ActiveCfg = Release|Any CPU
		{9AB46C32-25D6-48F9-9606-971422E1EEA1}.Release|Any CPU.Build.0 = Release|Any CPU
		{05C9071F-ED6E-4A9C-B7F8-21042A2E3DAB}.Debug|Any CPU.ActiveCfg = Debug|Any CPU
		{05C9071F-ED6E-4A9C-B7F8-21042A2E3DAB}.Debug|Any CPU.Build.0 = Debug|Any CPU
		{05C9071F-ED6E-4A9C-B7F8-21042A2E3DAB}.Release|Any CPU.ActiveCfg = Release|Any CPU
		{05C9071F-ED6E-4A9C-B7F8-21042A2E3DAB}.Release|Any CPU.Build.0 = Release|Any CPU
	EndGlobalSection
	GlobalSection(SolutionProperties) = preSolution
		HideSolutionNode = FALSE
	EndGlobalSection
	GlobalSection(ExtensibilityGlobals) = postSolution
		SolutionGuid = {C0873828-97E9-4112-ACE9-2ACD0C6BF6C7}
	EndGlobalSection
EndGlobal
